
Microsoft Visual Studio Solution File, Format Version 12.00
# Visual Studio 15
VisualStudioVersion = 15.0.26730.10
MinimumVisualStudioVersion = 10.0.40219.1
Project("{FAE04EC0-301F-11D3-BF4B-00C04F79EFBC}") = "UnwindMC.Library", "UnwindMC.Library\UnwindMC.Library.csproj", "{94846242-360F-4EFE-921F-8D8C06D0D1F6}"
EndProject
Project("{FAE04EC0-301F-11D3-BF4B-00C04F79EFBC}") = "UnwindMC.Tests", "UnwindMC.Tests\UnwindMC.Tests.csproj", "{EBF99C74-1AFF-46E0-8D48-95CDE142F5C0}"
EndProject
Project("{F2A71F9B-5D33-465A-A702-920D77279786}") = "UnwindMC", "UnwindMC\UnwindMC.fsproj", "{5BB89843-331F-4D99-A654-3512890A769D}"
EndProject
Global
	GlobalSection(SolutionConfigurationPlatforms) = preSolution
		Debug|Any CPU = Debug|Any CPU
		Release|Any CPU = Release|Any CPU
	EndGlobalSection
	GlobalSection(ProjectConfigurationPlatforms) = postSolution
		{94846242-360F-4EFE-921F-8D8C06D0D1F6}.Debug|Any CPU.ActiveCfg = Debug|Any CPU
		{94846242-360F-4EFE-921F-8D8C06D0D1F6}.Debug|Any CPU.Build.0 = Debug|Any CPU
		{94846242-360F-4EFE-921F-8D8C06D0D1F6}.Release|Any CPU.ActiveCfg = Release|Any CPU
		{94846242-360F-4EFE-921F-8D8C06D0D1F6}.Release|Any CPU.Build.0 = Release|Any CPU
		{EBF99C74-1AFF-46E0-8D48-95CDE142F5C0}.Debug|Any CPU.ActiveCfg = Debug|Any CPU
		{EBF99C74-1AFF-46E0-8D48-95CDE142F5C0}.Debug|Any CPU.Build.0 = Debug|Any CPU
		{EBF99C74-1AFF-46E0-8D48-95CDE142F5C0}.Release|Any CPU.ActiveCfg = Release|Any CPU
		{EBF99C74-1AFF-46E0-8D48-95CDE142F5C0}.Release|Any CPU.Build.0 = Release|Any CPU
		{5BB89843-331F-4D99-A654-3512890A769D}.Debug|Any CPU.ActiveCfg = Debug|Any CPU
		{5BB89843-331F-4D99-A654-3512890A769D}.Debug|Any CPU.Build.0 = Debug|Any CPU
		{5BB89843-331F-4D99-A654-3512890A769D}.Release|Any CPU.ActiveCfg = Release|Any CPU
		{5BB89843-331F-4D99-A654-3512890A769D}.Release|Any CPU.Build.0 = Release|Any CPU
	EndGlobalSection
	GlobalSection(SolutionProperties) = preSolution
		HideSolutionNode = FALSE
	EndGlobalSection
	GlobalSection(ExtensibilityGlobals) = postSolution
		SolutionGuid = {BA394268-2382-4D90-BADB-08855FE018E8}
	EndGlobalSection
EndGlobal
